
Microsoft Visual Studio Solution File, Format Version 12.00
# Visual Studio Version 17
VisualStudioVersion = 17.5.33516.290
MinimumVisualStudioVersion = 10.0.40219.1
Project("{FAE04EC0-301F-11D3-BF4B-00C04F79EFBC}") = "ndp_proje1", "ndp_proje1\ndp_proje1.csproj", "{403BB656-136E-40EF-B1CD-83EFEE3C3773}"
EndProject
Global
	GlobalSection(SolutionConfigurationPlatforms) = preSolution
		Debug|Any CPU = Debug|Any CPU
		Release|Any CPU = Release|Any CPU
	EndGlobalSection
	GlobalSection(ProjectConfigurationPlatforms) = postSolution
		{403BB656-136E-40EF-B1CD-83EFEE3C3773}.Debug|Any CPU.ActiveCfg = Debug|Any CPU
		{403BB656-136E-40EF-B1CD-83EFEE3C3773}.Debug|Any CPU.Build.0 = Debug|Any CPU
		{403BB656-136E-40EF-B1CD-83EFEE3C3773}.Release|Any CPU.ActiveCfg = Release|Any CPU
		{403BB656-136E-40EF-B1CD-83EFEE3C3773}.Release|Any CPU.Build.0 = Release|Any CPU
	EndGlobalSection
	GlobalSection(SolutionProperties) = preSolution
		HideSolutionNode = FALSE
	EndGlobalSection
	GlobalSection(ExtensibilityGlobals) = postSolution
		SolutionGuid = {E33F8DB1-E4BC-42F4-93C9-6DB3CDC540DD}
	EndGlobalSection
EndGlobal
